Microsoft Visual Studio Solution File, Format Version 12.00
# Visual Studio Version 17
VisualStudioVersion = 17.5.2.0
MinimumVisualStudioVersion = 10.0.40219.1
Project("{FAE04EC0-301F-11D3-BF4B-00C04F79EFBC}") = "13.03.25", "13.03.25.csproj", "{F522E711-6369-B6E5-2397-65C7010819D8}"
EndProject
Global
	GlobalSection(SolutionConfigurationPlatforms) = preSolution
		Debug|Any CPU = Debug|Any CPU
		Release|Any CPU = Release|Any CPU
	EndGlobalSection
	GlobalSection(ProjectConfigurationPlatforms) = postSolution
		{F522E711-6369-B6E5-2397-65C7010819D8}.Debug|Any CPU.ActiveCfg = Debug|Any CPU
		{F522E711-6369-B6E5-2397-65C7010819D8}.Debug|Any CPU.Build.0 = Debug|Any CPU
		{F522E711-6369-B6E5-2397-65C7010819D8}.Release|Any CPU.ActiveCfg = Release|Any CPU
		{F522E711-6369-B6E5-2397-65C7010819D8}.Release|Any CPU.Build.0 = Release|Any CPU
	EndGlobalSection
	GlobalSection(SolutionProperties) = preSolution
		HideSolutionNode = FALSE
	EndGlobalSection
	GlobalSection(ExtensibilityGlobals) = postSolution
		SolutionGuid = {F3C580DC-DE44-4F92-A79B-FC082C6FACC4}
	EndGlobalSection
EndGlobal
