Microsoft Visual Studio Solution File, Format Version 12.00
# Visual Studio Version 17
VisualStudioVersion = 17.5.2.0
MinimumVisualStudioVersion = 10.0.40219.1
Project("{FAE04EC0-301F-11D3-BF4B-00C04F79EFBC}") = "19.04.25", "19.04.25.csproj", "{550D8B07-0768-7E21-47C1-70562EFF5B13}"
EndProject
Global
	GlobalSection(SolutionConfigurationPlatforms) = preSolution
		Debug|Any CPU = Debug|Any CPU
		Release|Any CPU = Release|Any CPU
	EndGlobalSection
	GlobalSection(ProjectConfigurationPlatforms) = postSolution
		{550D8B07-0768-7E21-47C1-70562EFF5B13}.Debug|Any CPU.ActiveCfg = Debug|Any CPU
		{550D8B07-0768-7E21-47C1-70562EFF5B13}.Debug|Any CPU.Build.0 = Debug|Any CPU
		{550D8B07-0768-7E21-47C1-70562EFF5B13}.Release|Any CPU.ActiveCfg = Release|Any CPU
		{550D8B07-0768-7E21-47C1-70562EFF5B13}.Release|Any CPU.Build.0 = Release|Any CPU
	EndGlobalSection
	GlobalSection(SolutionProperties) = preSolution
		HideSolutionNode = FALSE
	EndGlobalSection
	GlobalSection(ExtensibilityGlobals) = postSolution
		SolutionGuid = {A0381DCD-F374-41E1-85F2-D2B00A4DDF84}
	EndGlobalSection
EndGlobal
