Microsoft Visual Studio Solution File, Format Version 12.00
# Visual Studio Version 17
VisualStudioVersion = 17.5.2.0
MinimumVisualStudioVersion = 10.0.40219.1
Project("{FAE04EC0-301F-11D3-BF4B-00C04F79EFBC}") = "24.03.25 (horse)", "24.03.25 (horse).csproj", "{D50B17C7-CBDF-E3FA-2753-77310CF4C445}"
EndProject
Global
	GlobalSection(SolutionConfigurationPlatforms) = preSolution
		Debug|Any CPU = Debug|Any CPU
		Release|Any CPU = Release|Any CPU
	EndGlobalSection
	GlobalSection(ProjectConfigurationPlatforms) = postSolution
		{D50B17C7-CBDF-E3FA-2753-77310CF4C445}.Debug|Any CPU.ActiveCfg = Debug|Any CPU
		{D50B17C7-CBDF-E3FA-2753-77310CF4C445}.Debug|Any CPU.Build.0 = Debug|Any CPU
		{D50B17C7-CBDF-E3FA-2753-77310CF4C445}.Release|Any CPU.ActiveCfg = Release|Any CPU
		{D50B17C7-CBDF-E3FA-2753-77310CF4C445}.Release|Any CPU.Build.0 = Release|Any CPU
	EndGlobalSection
	GlobalSection(SolutionProperties) = preSolution
		HideSolutionNode = FALSE
	EndGlobalSection
	GlobalSection(ExtensibilityGlobals) = postSolution
		SolutionGuid = {C5DDF74A-66D7-46F2-93B4-DF8F6FFE4C93}
	EndGlobalSection
EndGlobal
