Microsoft Visual Studio Solution File, Format Version 12.00
# Visual Studio Version 17
VisualStudioVersion = 17.5.2.0
MinimumVisualStudioVersion = 10.0.40219.1
Project("{FAE04EC0-301F-11D3-BF4B-00C04F79EFBC}") = "21.04.25", "21.04.25.csproj", "{399609C9-9D28-7018-BB70-94A316642B6B}"
EndProject
Global
	GlobalSection(SolutionConfigurationPlatforms) = preSolution
		Debug|Any CPU = Debug|Any CPU
		Release|Any CPU = Release|Any CPU
	EndGlobalSection
	GlobalSection(ProjectConfigurationPlatforms) = postSolution
		{399609C9-9D28-7018-BB70-94A316642B6B}.Debug|Any CPU.ActiveCfg = Debug|Any CPU
		{399609C9-9D28-7018-BB70-94A316642B6B}.Debug|Any CPU.Build.0 = Debug|Any CPU
		{399609C9-9D28-7018-BB70-94A316642B6B}.Release|Any CPU.ActiveCfg = Release|Any CPU
		{399609C9-9D28-7018-BB70-94A316642B6B}.Release|Any CPU.Build.0 = Release|Any CPU
	EndGlobalSection
	GlobalSection(SolutionProperties) = preSolution
		HideSolutionNode = FALSE
	EndGlobalSection
	GlobalSection(ExtensibilityGlobals) = postSolution
		SolutionGuid = {C8A924F7-3D12-4A1E-AA5A-863848F40F66}
	EndGlobalSection
EndGlobal
