Microsoft Visual Studio Solution File, Format Version 12.00
# Visual Studio Version 17
VisualStudioVersion = 17.5.2.0
MinimumVisualStudioVersion = 10.0.40219.1
Project("{FAE04EC0-301F-11D3-BF4B-00C04F79EFBC}") = "10.02.25", "10.02.25.csproj", "{899EC9F4-A0B2-1ACF-46DB-E0789E4B5AF0}"
EndProject
Global
	GlobalSection(SolutionConfigurationPlatforms) = preSolution
		Debug|Any CPU = Debug|Any CPU
		Release|Any CPU = Release|Any CPU
	EndGlobalSection
	GlobalSection(ProjectConfigurationPlatforms) = postSolution
		{899EC9F4-A0B2-1ACF-46DB-E0789E4B5AF0}.Debug|Any CPU.ActiveCfg = Debug|Any CPU
		{899EC9F4-A0B2-1ACF-46DB-E0789E4B5AF0}.Debug|Any CPU.Build.0 = Debug|Any CPU
		{899EC9F4-A0B2-1ACF-46DB-E0789E4B5AF0}.Release|Any CPU.ActiveCfg = Release|Any CPU
		{899EC9F4-A0B2-1ACF-46DB-E0789E4B5AF0}.Release|Any CPU.Build.0 = Release|Any CPU
	EndGlobalSection
	GlobalSection(SolutionProperties) = preSolution
		HideSolutionNode = FALSE
	EndGlobalSection
	GlobalSection(ExtensibilityGlobals) = postSolution
		SolutionGuid = {F74F7A86-C8F6-46B1-ABCE-04ECE3F82726}
	EndGlobalSection
EndGlobal
