
Microsoft Visual Studio Solution File, Format Version 12.00
# Visual Studio Version 17
VisualStudioVersion = 17.5.002.0
MinimumVisualStudioVersion = 10.0.40219.1
Project("{9A19103F-16F7-4668-BE54-9A1E7A4F7556}") = "11.10.2024", "11.10.2024.csproj", "{F316CDEC-8EAA-4A2C-9DC3-7C9FF92D4E61}"
EndProject
Global
	GlobalSection(SolutionConfigurationPlatforms) = preSolution
		Debug|Any CPU = Debug|Any CPU
		Release|Any CPU = Release|Any CPU
	EndGlobalSection
	GlobalSection(ProjectConfigurationPlatforms) = postSolution
		{F316CDEC-8EAA-4A2C-9DC3-7C9FF92D4E61}.Debug|Any CPU.ActiveCfg = Debug|Any CPU
		{F316CDEC-8EAA-4A2C-9DC3-7C9FF92D4E61}.Debug|Any CPU.Build.0 = Debug|Any CPU
		{F316CDEC-8EAA-4A2C-9DC3-7C9FF92D4E61}.Release|Any CPU.ActiveCfg = Release|Any CPU
		{F316CDEC-8EAA-4A2C-9DC3-7C9FF92D4E61}.Release|Any CPU.Build.0 = Release|Any CPU
	EndGlobalSection
	GlobalSection(SolutionProperties) = preSolution
		HideSolutionNode = FALSE
	EndGlobalSection
	GlobalSection(ExtensibilityGlobals) = postSolution
		SolutionGuid = {41359709-0A16-4838-B9E7-C2D04D0C2F93}
	EndGlobalSection
EndGlobal
