
Microsoft Visual Studio Solution File, Format Version 12.00
# Visual Studio Version 17
VisualStudioVersion = 17.5.2.0
MinimumVisualStudioVersion = 10.0.40219.1
Project("{FAE04EC0-301F-11D3-BF4B-00C04F79EFBC}") = "Города", "Города.csproj", "{A70926B5-6692-EF62-C4F9-37EC897052FE}"
EndProject
Global
	GlobalSection(SolutionConfigurationPlatforms) = preSolution
		Debug|Any CPU = Debug|Any CPU
		Release|Any CPU = Release|Any CPU
	EndGlobalSection
	GlobalSection(ProjectConfigurationPlatforms) = postSolution
		{A70926B5-6692-EF62-C4F9-37EC897052FE}.Debug|Any CPU.ActiveCfg = Debug|Any CPU
		{A70926B5-6692-EF62-C4F9-37EC897052FE}.Debug|Any CPU.Build.0 = Debug|Any CPU
		{A70926B5-6692-EF62-C4F9-37EC897052FE}.Release|Any CPU.ActiveCfg = Release|Any CPU
		{A70926B5-6692-EF62-C4F9-37EC897052FE}.Release|Any CPU.Build.0 = Release|Any CPU
	EndGlobalSection
	GlobalSection(SolutionProperties) = preSolution
		HideSolutionNode = FALSE
	EndGlobalSection
	GlobalSection(ExtensibilityGlobals) = postSolution
		SolutionGuid = {CB1B6492-C942-45B1-BFBA-5B83C4A06B10}
	EndGlobalSection
EndGlobal
