Microsoft Visual Studio Solution File, Format Version 12.00
# Visual Studio Version 17
VisualStudioVersion = 17.5.2.0
MinimumVisualStudioVersion = 10.0.40219.1
Project("{FAE04EC0-301F-11D3-BF4B-00C04F79EFBC}") = "24.04.25", "24.04.25.csproj", "{3875FE07-9EA1-2B48-76D7-204CBA165F56}"
EndProject
Global
	GlobalSection(SolutionConfigurationPlatforms) = preSolution
		Debug|Any CPU = Debug|Any CPU
		Release|Any CPU = Release|Any CPU
	EndGlobalSection
	GlobalSection(ProjectConfigurationPlatforms) = postSolution
		{3875FE07-9EA1-2B48-76D7-204CBA165F56}.Debug|Any CPU.ActiveCfg = Debug|Any CPU
		{3875FE07-9EA1-2B48-76D7-204CBA165F56}.Debug|Any CPU.Build.0 = Debug|Any CPU
		{3875FE07-9EA1-2B48-76D7-204CBA165F56}.Release|Any CPU.ActiveCfg = Release|Any CPU
		{3875FE07-9EA1-2B48-76D7-204CBA165F56}.Release|Any CPU.Build.0 = Release|Any CPU
	EndGlobalSection
	GlobalSection(SolutionProperties) = preSolution
		HideSolutionNode = FALSE
	EndGlobalSection
	GlobalSection(ExtensibilityGlobals) = postSolution
		SolutionGuid = {5DF1723A-17C2-4147-9FC5-08EA1DAFF12C}
	EndGlobalSection
EndGlobal
