Microsoft Visual Studio Solution File, Format Version 12.00
# Visual Studio Version 17
VisualStudioVersion = 17.5.2.0
MinimumVisualStudioVersion = 10.0.40219.1
Project("{FAE04EC0-301F-11D3-BF4B-00C04F79EFBC}") = "05.05.25", "05.05.25.csproj", "{311DCD33-E172-9EDF-8FF2-3A8378FB0FEA}"
EndProject
Global
	GlobalSection(SolutionConfigurationPlatforms) = preSolution
		Debug|Any CPU = Debug|Any CPU
		Release|Any CPU = Release|Any CPU
	EndGlobalSection
	GlobalSection(ProjectConfigurationPlatforms) = postSolution
		{311DCD33-E172-9EDF-8FF2-3A8378FB0FEA}.Debug|Any CPU.ActiveCfg = Debug|Any CPU
		{311DCD33-E172-9EDF-8FF2-3A8378FB0FEA}.Debug|Any CPU.Build.0 = Debug|Any CPU
		{311DCD33-E172-9EDF-8FF2-3A8378FB0FEA}.Release|Any CPU.ActiveCfg = Release|Any CPU
		{311DCD33-E172-9EDF-8FF2-3A8378FB0FEA}.Release|Any CPU.Build.0 = Release|Any CPU
	EndGlobalSection
	GlobalSection(SolutionProperties) = preSolution
		HideSolutionNode = FALSE
	EndGlobalSection
	GlobalSection(ExtensibilityGlobals) = postSolution
		SolutionGuid = {88CE06D2-8594-45E5-B431-AFDE18D4338A}
	EndGlobalSection
EndGlobal
